
Microsoft Visual Studio Solution File, Format Version 12.00
# Visual Studio Version 17
VisualStudioVersion = 17.0.32126.317
MinimumVisualStudioVersion = 10.0.40219.1
Project("{FAE04EC0-301F-11D3-BF4B-00C04F79EFBC}") = "Code_Base_6", "Code_Base_6\Code_Base_6.csproj", "{C71BC87C-F883-4C18-BF98-50802A0EFACE}"
EndProject
Global
	GlobalSection(SolutionConfigurationPlatforms) = preSolution
		Debug|Any CPU = Debug|Any CPU
		Release|Any CPU = Release|Any CPU
	EndGlobalSection
	GlobalSection(ProjectConfigurationPlatforms) = postSolution
		{C71BC87C-F883-4C18-BF98-50802A0EFACE}.Debug|Any CPU.ActiveCfg = Debug|Any CPU
		{C71BC87C-F883-4C18-BF98-50802A0EFACE}.Debug|Any CPU.Build.0 = Debug|Any CPU
		{C71BC87C-F883-4C18-BF98-50802A0EFACE}.Release|Any CPU.ActiveCfg = Release|Any CPU
		{C71BC87C-F883-4C18-BF98-50802A0EFACE}.Release|Any CPU.Build.0 = Release|Any CPU
	EndGlobalSection
	GlobalSection(SolutionProperties) = preSolution
		HideSolutionNode = FALSE
	EndGlobalSection
	GlobalSection(ExtensibilityGlobals) = postSolution
		SolutionGuid = {04678A24-55B1-4CDF-BA56-445A8634F85E}
	EndGlobalSection
EndGlobal
